
Microsoft Visual Studio Solution File, Format Version 12.00
# Visual Studio Version 17
VisualStudioVersion = 17.7.34031.279
MinimumVisualStudioVersion = 10.0.40219.1
Project("{8BC9CEB8-8B4A-11D0-8D11-00A0C91BC942}") = "LESI_PI_TP_27960_27961_27983", "LESI_PI_TP_27960_27961_27983.vcxproj", "{8A302476-AB71-45BA-A0D1-C86F620EF5F1}"
EndProject
Global
	GlobalSection(SolutionConfigurationPlatforms) = preSolution
		Debug|x64 = Debug|x64
		Debug|x86 = Debug|x86
		Release|x64 = Release|x64
		Release|x86 = Release|x86
	EndGlobalSection
	GlobalSection(ProjectConfigurationPlatforms) = postSolution
		{8A302476-AB71-45BA-A0D1-C86F620EF5F1}.Debug|x64.ActiveCfg = Debug|x64
		{8A302476-AB71-45BA-A0D1-C86F620EF5F1}.Debug|x64.Build.0 = Debug|x64
		{8A302476-AB71-45BA-A0D1-C86F620EF5F1}.Debug|x86.ActiveCfg = Debug|Win32
		{8A302476-AB71-45BA-A0D1-C86F620EF5F1}.Debug|x86.Build.0 = Debug|Win32
		{8A302476-AB71-45BA-A0D1-C86F620EF5F1}.Release|x64.ActiveCfg = Release|x64
		{8A302476-AB71-45BA-A0D1-C86F620EF5F1}.Release|x64.Build.0 = Release|x64
		{8A302476-AB71-45BA-A0D1-C86F620EF5F1}.Release|x86.ActiveCfg = Release|Win32
		{8A302476-AB71-45BA-A0D1-C86F620EF5F1}.Release|x86.Build.0 = Release|Win32
	EndGlobalSection
	GlobalSection(SolutionProperties) = preSolution
		HideSolutionNode = FALSE
	EndGlobalSection
	GlobalSection(ExtensibilityGlobals) = postSolution
		SolutionGuid = {CC26E889-EFC5-4CF1-9744-E256683248A9}
	EndGlobalSection
EndGlobal
